
Microsoft Visual Studio Solution File, Format Version 12.00
# Visual Studio 15
VisualStudioVersion = 15.0.27130.2036
MinimumVisualStudioVersion = 10.0.40219.1
Project("{8BC9CEB8-8B4A-11D0-8D11-00A0C91BC942}") = "test_evento", "evento\evento.vcxproj", "{A5F32013-0DEC-4D67-94E9-30A02477462C}"
	ProjectSection(ProjectDependencies) = postProject
		{664B2E4C-F08A-403D-8502-0EE2292D6997} = {664B2E4C-F08A-403D-8502-0EE2292D6997}
	EndProjectSection
EndProject
Project("{8BC9CEB8-8B4A-11D0-8D11-00A0C91BC942}") = "bus", "bus\bus.vcxproj", "{F8761B4E-DE69-4950-9291-A0265AA3D493}"
EndProject
Project("{8BC9CEB8-8B4A-11D0-8D11-00A0C91BC942}") = "test_momento", "test_momento\test_momento.vcxproj", "{8F30B12E-6BF1-4475-BD5E-74532D3750B5}"
	ProjectSection(ProjectDependencies) = postProject
		{664B2E4C-F08A-403D-8502-0EE2292D6997} = {664B2E4C-F08A-403D-8502-0EE2292D6997}
	EndProjectSection
EndProject
Project("{8BC9CEB8-8B4A-11D0-8D11-00A0C91BC942}") = "test_eventos", "test_eventos\test_eventos.vcxproj", "{5F42468B-B44F-4B11-A63D-034DC6938662}"
	ProjectSection(ProjectDependencies) = postProject
		{F8761B4E-DE69-4950-9291-A0265AA3D493} = {F8761B4E-DE69-4950-9291-A0265AA3D493}
	EndProjectSection
EndProject
Project("{8BC9CEB8-8B4A-11D0-8D11-00A0C91BC942}") = "ent", "ent\ent.vcxproj", "{664B2E4C-F08A-403D-8502-0EE2292D6997}"
EndProject
Project("{8BC9CEB8-8B4A-11D0-8D11-00A0C91BC942}") = "test_notificador", "test_notificador\test_notificador.vcxproj", "{34643FA0-8B33-4D51-83A8-0BDA59BE5635}"
	ProjectSection(ProjectDependencies) = postProject
		{664B2E4C-F08A-403D-8502-0EE2292D6997} = {664B2E4C-F08A-403D-8502-0EE2292D6997}
		{F8761B4E-DE69-4950-9291-A0265AA3D493} = {F8761B4E-DE69-4950-9291-A0265AA3D493}
	EndProjectSection
EndProject
Project("{8BC9CEB8-8B4A-11D0-8D11-00A0C91BC942}") = "per", "per\per.vcxproj", "{FA8928B5-BFED-47DA-A5CE-2492CB74C267}"
EndProject
Project("{8BC9CEB8-8B4A-11D0-8D11-00A0C91BC942}") = "test_db", "test_db\test_db.vcxproj", "{98A87B95-DC32-4301-A6B0-BB2BC5C304EF}"
	ProjectSection(ProjectDependencies) = postProject
		{664B2E4C-F08A-403D-8502-0EE2292D6997} = {664B2E4C-F08A-403D-8502-0EE2292D6997}
		{F8761B4E-DE69-4950-9291-A0265AA3D493} = {F8761B4E-DE69-4950-9291-A0265AA3D493}
		{FA8928B5-BFED-47DA-A5CE-2492CB74C267} = {FA8928B5-BFED-47DA-A5CE-2492CB74C267}
	EndProjectSection
EndProject
Global
	GlobalSection(SolutionConfigurationPlatforms) = preSolution
		Debug|x64 = Debug|x64
		Debug|x86 = Debug|x86
		Release|x64 = Release|x64
		Release|x86 = Release|x86
	EndGlobalSection
	GlobalSection(ProjectConfigurationPlatforms) = postSolution
		{A5F32013-0DEC-4D67-94E9-30A02477462C}.Debug|x64.ActiveCfg = Debug|x64
		{A5F32013-0DEC-4D67-94E9-30A02477462C}.Debug|x64.Build.0 = Debug|x64
		{A5F32013-0DEC-4D67-94E9-30A02477462C}.Debug|x86.ActiveCfg = Debug|Win32
		{A5F32013-0DEC-4D67-94E9-30A02477462C}.Debug|x86.Build.0 = Debug|Win32
		{A5F32013-0DEC-4D67-94E9-30A02477462C}.Release|x64.ActiveCfg = Release|x64
		{A5F32013-0DEC-4D67-94E9-30A02477462C}.Release|x64.Build.0 = Release|x64
		{A5F32013-0DEC-4D67-94E9-30A02477462C}.Release|x86.ActiveCfg = Release|Win32
		{A5F32013-0DEC-4D67-94E9-30A02477462C}.Release|x86.Build.0 = Release|Win32
		{F8761B4E-DE69-4950-9291-A0265AA3D493}.Debug|x64.ActiveCfg = Debug|x64
		{F8761B4E-DE69-4950-9291-A0265AA3D493}.Debug|x64.Build.0 = Debug|x64
		{F8761B4E-DE69-4950-9291-A0265AA3D493}.Debug|x86.ActiveCfg = Debug|Win32
		{F8761B4E-DE69-4950-9291-A0265AA3D493}.Debug|x86.Build.0 = Debug|Win32
		{F8761B4E-DE69-4950-9291-A0265AA3D493}.Release|x64.ActiveCfg = Release|x64
		{F8761B4E-DE69-4950-9291-A0265AA3D493}.Release|x64.Build.0 = Release|x64
		{F8761B4E-DE69-4950-9291-A0265AA3D493}.Release|x86.ActiveCfg = Release|Win32
		{F8761B4E-DE69-4950-9291-A0265AA3D493}.Release|x86.Build.0 = Release|Win32
		{8F30B12E-6BF1-4475-BD5E-74532D3750B5}.Debug|x64.ActiveCfg = Debug|x64
		{8F30B12E-6BF1-4475-BD5E-74532D3750B5}.Debug|x64.Build.0 = Debug|x64
		{8F30B12E-6BF1-4475-BD5E-74532D3750B5}.Debug|x86.ActiveCfg = Debug|Win32
		{8F30B12E-6BF1-4475-BD5E-74532D3750B5}.Debug|x86.Build.0 = Debug|Win32
		{8F30B12E-6BF1-4475-BD5E-74532D3750B5}.Release|x64.ActiveCfg = Release|x64
		{8F30B12E-6BF1-4475-BD5E-74532D3750B5}.Release|x64.Build.0 = Release|x64
		{8F30B12E-6BF1-4475-BD5E-74532D3750B5}.Release|x86.ActiveCfg = Release|Win32
		{8F30B12E-6BF1-4475-BD5E-74532D3750B5}.Release|x86.Build.0 = Release|Win32
		{5F42468B-B44F-4B11-A63D-034DC6938662}.Debug|x64.ActiveCfg = Debug|x64
		{5F42468B-B44F-4B11-A63D-034DC6938662}.Debug|x64.Build.0 = Debug|x64
		{5F42468B-B44F-4B11-A63D-034DC6938662}.Debug|x86.ActiveCfg = Debug|Win32
		{5F42468B-B44F-4B11-A63D-034DC6938662}.Debug|x86.Build.0 = Debug|Win32
		{5F42468B-B44F-4B11-A63D-034DC6938662}.Release|x64.ActiveCfg = Release|x64
		{5F42468B-B44F-4B11-A63D-034DC6938662}.Release|x64.Build.0 = Release|x64
		{5F42468B-B44F-4B11-A63D-034DC6938662}.Release|x86.ActiveCfg = Release|Win32
		{5F42468B-B44F-4B11-A63D-034DC6938662}.Release|x86.Build.0 = Release|Win32
		{664B2E4C-F08A-403D-8502-0EE2292D6997}.Debug|x64.ActiveCfg = Debug|x64
		{664B2E4C-F08A-403D-8502-0EE2292D6997}.Debug|x64.Build.0 = Debug|x64
		{664B2E4C-F08A-403D-8502-0EE2292D6997}.Debug|x86.ActiveCfg = Debug|Win32
		{664B2E4C-F08A-403D-8502-0EE2292D6997}.Debug|x86.Build.0 = Debug|Win32
		{664B2E4C-F08A-403D-8502-0EE2292D6997}.Release|x64.ActiveCfg = Release|x64
		{664B2E4C-F08A-403D-8502-0EE2292D6997}.Release|x64.Build.0 = Release|x64
		{664B2E4C-F08A-403D-8502-0EE2292D6997}.Release|x86.ActiveCfg = Release|Win32
		{664B2E4C-F08A-403D-8502-0EE2292D6997}.Release|x86.Build.0 = Release|Win32
		{34643FA0-8B33-4D51-83A8-0BDA59BE5635}.Debug|x64.ActiveCfg = Debug|x64
		{34643FA0-8B33-4D51-83A8-0BDA59BE5635}.Debug|x64.Build.0 = Debug|x64
		{34643FA0-8B33-4D51-83A8-0BDA59BE5635}.Debug|x86.ActiveCfg = Debug|Win32
		{34643FA0-8B33-4D51-83A8-0BDA59BE5635}.Debug|x86.Build.0 = Debug|Win32
		{34643FA0-8B33-4D51-83A8-0BDA59BE5635}.Release|x64.ActiveCfg = Release|x64
		{34643FA0-8B33-4D51-83A8-0BDA59BE5635}.Release|x64.Build.0 = Release|x64
		{34643FA0-8B33-4D51-83A8-0BDA59BE5635}.Release|x86.ActiveCfg = Release|Win32
		{34643FA0-8B33-4D51-83A8-0BDA59BE5635}.Release|x86.Build.0 = Release|Win32
		{FA8928B5-BFED-47DA-A5CE-2492CB74C267}.Debug|x64.ActiveCfg = Debug|x64
		{FA8928B5-BFED-47DA-A5CE-2492CB74C267}.Debug|x64.Build.0 = Debug|x64
		{FA8928B5-BFED-47DA-A5CE-2492CB74C267}.Debug|x86.ActiveCfg = Debug|Win32
		{FA8928B5-BFED-47DA-A5CE-2492CB74C267}.Debug|x86.Build.0 = Debug|Win32
		{FA8928B5-BFED-47DA-A5CE-2492CB74C267}.Release|x64.ActiveCfg = Release|x64
		{FA8928B5-BFED-47DA-A5CE-2492CB74C267}.Release|x64.Build.0 = Release|x64
		{FA8928B5-BFED-47DA-A5CE-2492CB74C267}.Release|x86.ActiveCfg = Release|Win32
		{FA8928B5-BFED-47DA-A5CE-2492CB74C267}.Release|x86.Build.0 = Release|Win32
		{98A87B95-DC32-4301-A6B0-BB2BC5C304EF}.Debug|x64.ActiveCfg = Debug|x64
		{98A87B95-DC32-4301-A6B0-BB2BC5C304EF}.Debug|x64.Build.0 = Debug|x64
		{98A87B95-DC32-4301-A6B0-BB2BC5C304EF}.Debug|x86.ActiveCfg = Debug|Win32
		{98A87B95-DC32-4301-A6B0-BB2BC5C304EF}.Debug|x86.Build.0 = Debug|Win32
		{98A87B95-DC32-4301-A6B0-BB2BC5C304EF}.Release|x64.ActiveCfg = Release|x64
		{98A87B95-DC32-4301-A6B0-BB2BC5C304EF}.Release|x64.Build.0 = Release|x64
		{98A87B95-DC32-4301-A6B0-BB2BC5C304EF}.Release|x86.ActiveCfg = Release|Win32
		{98A87B95-DC32-4301-A6B0-BB2BC5C304EF}.Release|x86.Build.0 = Release|Win32
	EndGlobalSection
	GlobalSection(SolutionProperties) = preSolution
		HideSolutionNode = FALSE
	EndGlobalSection
	GlobalSection(ExtensibilityGlobals) = postSolution
		SolutionGuid = {1B1EA08C-F5D8-40E3-BDDB-D92AA3EA8FC1}
	EndGlobalSection
EndGlobal
