
Microsoft Visual Studio Solution File, Format Version 12.00
# Visual Studio 15
VisualStudioVersion = 15.0.27428.2005
MinimumVisualStudioVersion = 10.0.40219.1
Project("{8BC9CEB8-8B4A-11D0-8D11-00A0C91BC942}") = "notificador", "notificador\notificador.vcxproj", "{B31F1E28-D53F-4421-B168-389835530310}"
EndProject
Global
	GlobalSection(SolutionConfigurationPlatforms) = preSolution
		Debug|x64 = Debug|x64
		Debug|x86 = Debug|x86
		Release|x64 = Release|x64
		Release|x86 = Release|x86
	EndGlobalSection
	GlobalSection(ProjectConfigurationPlatforms) = postSolution
		{B31F1E28-D53F-4421-B168-389835530310}.Debug|x64.ActiveCfg = Debug|x64
		{B31F1E28-D53F-4421-B168-389835530310}.Debug|x64.Build.0 = Debug|x64
		{B31F1E28-D53F-4421-B168-389835530310}.Debug|x86.ActiveCfg = Debug|Win32
		{B31F1E28-D53F-4421-B168-389835530310}.Debug|x86.Build.0 = Debug|Win32
		{B31F1E28-D53F-4421-B168-389835530310}.Release|x64.ActiveCfg = Release|x64
		{B31F1E28-D53F-4421-B168-389835530310}.Release|x64.Build.0 = Release|x64
		{B31F1E28-D53F-4421-B168-389835530310}.Release|x86.ActiveCfg = Release|Win32
		{B31F1E28-D53F-4421-B168-389835530310}.Release|x86.Build.0 = Release|Win32
	EndGlobalSection
	GlobalSection(SolutionProperties) = preSolution
		HideSolutionNode = FALSE
	EndGlobalSection
	GlobalSection(ExtensibilityGlobals) = postSolution
		SolutionGuid = {7C8DC3C9-5078-4FA4-B853-CE4775B771EF}
	EndGlobalSection
EndGlobal
